
Microsoft Visual Studio Solution File, Format Version 12.00
# Visual Studio 2012
Project("{2150E333-8FDC-42A3-9474-1A3956D46DE8}") = "100 Core", "100 Core", "{2B924CAB-944E-4280-A3DA-9782EBC1306C}"
EndProject
Project("{2150E333-8FDC-42A3-9474-1A3956D46DE8}") = "200 Data", "200 Data", "{CCCEE91A-A344-4D27-8411-A7167AC73B92}"
EndProject
Project("{FAE04EC0-301F-11D3-BF4B-00C04F79EFBC}") = "Quintessence.QService.Core", "Source\Quintessence.QService.Core\Quintessence.QService.Core.csproj", "{22E9834E-DB39-410E-AE73-44B2405ACFCD}"
EndProject
Project("{2150E333-8FDC-42A3-9474-1A3956D46DE8}") = "900 Test", "900 Test", "{A82B57A2-66CD-4E24-A0AE-1A29E7EC8353}"
EndProject
Project("{FAE04EC0-301F-11D3-BF4B-00C04F79EFBC}") = "Quintessence.QService.Data", "Source\Quintessence.QService.Data\Quintessence.QService.Data.csproj", "{9FC1F945-B96B-4276-AE32-8BCC07F5D375}"
EndProject
Project("{FAE04EC0-301F-11D3-BF4B-00C04F79EFBC}") = "Quintessence.QService.Data.Interfaces", "Source\Quintessence.QService.Data.Interfaces\Quintessence.QService.Data.Interfaces.csproj", "{D1C30158-4472-41D1-A1C9-D6C7F63F4E95}"
EndProject
Project("{FAE04EC0-301F-11D3-BF4B-00C04F79EFBC}") = "Quintessence.QService.Data.IntegrationTests", "Tests\Quintessence.QService.Data.IntegrationTests\Quintessence.QService.Data.IntegrationTests.csproj", "{05E4D950-A754-41BB-8567-3B8AF09D4808}"
EndProject
Project("{00D1A9C2-B5F0-4AF3-8072-F6C62B433612}") = "Quintessence.Database", "Source\Quintessence.Database\Quintessence.Database.sqlproj", "{3BFDC3F3-2491-4013-8F82-7CC23C0224CB}"
EndProject
Project("{FAE04EC0-301F-11D3-BF4B-00C04F79EFBC}") = "Quintessence.QService.DataModel", "Source\Quintessence.QService.DataModel\Quintessence.QService.DataModel.csproj", "{56A829FA-2175-4C60-9912-09CAB8FDE30B}"
EndProject
Project("{2150E333-8FDC-42A3-9474-1A3956D46DE8}") = "300 Business", "300 Business", "{826D64DF-0DDA-468D-ABBA-6458B676E8A5}"
EndProject
Project("{2150E333-8FDC-42A3-9474-1A3956D46DE8}") = "400 Service", "400 Service", "{E7CAA9C5-97E1-40BB-BAEB-24EC4FC553EC}"
EndProject
Project("{FAE04EC0-301F-11D3-BF4B-00C04F79EFBC}") = "Quintessence.QService.Business.Interfaces", "Source\Quintessence.QService.Business.Interfaces\Quintessence.QService.Business.Interfaces.csproj", "{9F748CE1-61ED-4AB2-ADA2-39C5CFEB9553}"
EndProject
Project("{FAE04EC0-301F-11D3-BF4B-00C04F79EFBC}") = "Quintessence.QService.Business", "Source\Quintessence.QService.Business\Quintessence.QService.Business.csproj", "{368C5CE3-5442-4CF2-AE43-A67B526811FD}"
EndProject
Project("{FAE04EC0-301F-11D3-BF4B-00C04F79EFBC}") = "Quintessence.QService.QPlanetService.Contracts", "Source\Quintessence.QService.QPlanetService.Contracts\Quintessence.QService.QPlanetService.Contracts.csproj", "{04680AEA-FAD8-4ADA-9D91-386DE6152B63}"
EndProject
Project("{FAE04EC0-301F-11D3-BF4B-00C04F79EFBC}") = "Quintessence.QService.QPlanetService.Implementation", "Source\Quintessence.QService.QPlanetService.Implementation\Quintessence.QService.QPlanetService.Implementation.csproj", "{838C97F8-6044-447D-AF68-15123F1DFCBE}"
EndProject
Project("{FAE04EC0-301F-11D3-BF4B-00C04F79EFBC}") = "Quintessence.QService.QPlanetService.Host", "Source\Quintessence.QService.QPlanetService.Host\Quintessence.QService.QPlanetService.Host.csproj", "{4E1D20C6-E79E-475C-BE8F-B220C4277328}"
EndProject
Project("{FAE04EC0-301F-11D3-BF4B-00C04F79EFBC}") = "Quintessence.QService.Business.Integration.Tests", "Tests\Quintessence.QService.Business.Integration.Tests\Quintessence.QService.Business.Integration.Tests.csproj", "{A114C3D5-F63A-45B9-AFFC-175E15FBC219}"
EndProject
Project("{FAE04EC0-301F-11D3-BF4B-00C04F79EFBC}") = "Quintessence.QService.QueryModel", "Source\Quintessence.QService.QueryModel\Quintessence.QService.QueryModel.csproj", "{C861E521-51A1-4909-9563-A9703FE31917}"
EndProject
Project("{FAE04EC0-301F-11D3-BF4B-00C04F79EFBC}") = "Quintessence.QService.Service.Contracts", "Source\Quintessence.QService.Service.Contracts\Quintessence.QService.Service.Contracts.csproj", "{E16355F5-94C4-4A73-8982-C852018936D3}"
EndProject
Project("{FAE04EC0-301F-11D3-BF4B-00C04F79EFBC}") = "Quintessence.QService.Sharepoint.Integration.Tests", "Tests\Quintessence.QService.Sharepoint.Integration.Tests\Quintessence.QService.Sharepoint.Integration.Tests.csproj", "{AE01022D-76BC-481D-BF90-3FFC047734F5}"
EndProject
Project("{FAE04EC0-301F-11D3-BF4B-00C04F79EFBC}") = "Quintessence.QService.SharePointData", "Source\Quintessence.QService.SharePointData\Quintessence.QService.SharePointData.csproj", "{045CC37D-CD2B-4D5D-8D46-009845712787}"
EndProject
Project("{FAE04EC0-301F-11D3-BF4B-00C04F79EFBC}") = "Quintessence.QService.SharePointData.Integration.Tests", "Tests\Quintessence.QService.SharePointData.Integration.Tests\Quintessence.QService.SharePointData.Integration.Tests.csproj", "{C86E0F9E-D463-4BFF-93CD-EA996D029336}"
EndProject
Project("{FAE04EC0-301F-11D3-BF4B-00C04F79EFBC}") = "Quintessence.QService.QPlanetService.Host.Tests", "Tests\Quintessence.QService.QPlanetService.Host.Tests\Quintessence.QService.QPlanetService.Host.Tests.csproj", "{631B87C1-D1A8-47B1-A795-9FFCCD338BD1}"
EndProject
Global
	GlobalSection(TeamFoundationVersionControl) = preSolution
		SccEnterpriseProvider = {4CA58AB2-18FA-4F8D-95D4-32DDF27D184C}
		SccLocalPath0 = .
		SccLocalPath1 = Source\\Quintessence.QService.Core
		SccLocalPath10 = Source\\Quintessence.QService.QPlanetService.Implementation
		SccLocalPath11 = Source\\Quintessence.QService.QPlanetService.Host
		SccLocalPath12 = Tests\\Quintessence.QService.Business.Integration.Tests
		SccLocalPath13 = Source\\Quintessence.QService.QueryModel
		SccLocalPath14 = Source\\Quintessence.QService.Service.Contracts
		SccLocalPath15 = Tests\\Quintessence.QService.Sharepoint.Integration.Tests
		SccLocalPath16 = Source\\Quintessence.QService.SharePointData
		SccLocalPath17 = Tests\\Quintessence.QService.SharePointData.Integration.Tests
		SccLocalPath18 = Tests\\Quintessence.QService.QPlanetService.Host.Tests
		SccLocalPath2 = Source\\Quintessence.QService.Data
		SccLocalPath3 = Source\\Quintessence.QService.Data.Interfaces
		SccLocalPath4 = Tests\\Quintessence.QService.Data.IntegrationTests
		SccLocalPath5 = Source\\Quintessence.Database
		SccLocalPath6 = Source\\Quintessence.QService.DataModel
		SccLocalPath7 = Source\\Quintessence.QService.Business.Interfaces
		SccLocalPath8 = Source\\Quintessence.QService.Business
		SccLocalPath9 = Source\\Quintessence.QService.QPlanetService.Contracts
		SccNumberOfProjects = 19
		SccProjectName1 = Source/Quintessence.QService.Core
		SccProjectName10 = Source/Quintessence.QService.QPlanetService.Implementation
		SccProjectName11 = Source/Quintessence.QService.QPlanetService.Host
		SccProjectName12 = Tests/Quintessence.QService.Business.Integration.Tests
		SccProjectName13 = Source/Quintessence.QService.QueryModel
		SccProjectName14 = Source/Quintessence.QService.Service.Contracts
		SccProjectName15 = Tests/Quintessence.QService.Sharepoint.Integration.Tests
		SccProjectName16 = Source/Quintessence.QService.SharePointData
		SccProjectName17 = Tests/Quintessence.QService.SharePointData.Integration.Tests
		SccProjectName18 = Tests/Quintessence.QService.QPlanetService.Host.Tests
		SccProjectName2 = Source/Quintessence.QService.Data
		SccProjectName3 = Source/Quintessence.QService.Data.Interfaces
		SccProjectName4 = Tests/Quintessence.QService.Data.IntegrationTests
		SccProjectName5 = Source/Quintessence.Database
		SccProjectName6 = Source/Quintessence.QService.DataModel
		SccProjectName7 = Source/Quintessence.QService.Business.Interfaces
		SccProjectName8 = Source/Quintessence.QService.Business
		SccProjectName9 = Source/Quintessence.QService.QPlanetService.Contracts
		SccProjectTopLevelParentUniqueName1 = Quintessence.QService.sln
		SccProjectTopLevelParentUniqueName10 = Quintessence.QService.sln
		SccProjectTopLevelParentUniqueName11 = Quintessence.QService.sln
		SccProjectTopLevelParentUniqueName12 = Quintessence.QService.sln
		SccProjectTopLevelParentUniqueName13 = Quintessence.QService.sln
		SccProjectTopLevelParentUniqueName14 = Quintessence.QService.sln
		SccProjectTopLevelParentUniqueName15 = Quintessence.QService.sln
		SccProjectTopLevelParentUniqueName16 = Quintessence.QService.sln
		SccProjectTopLevelParentUniqueName17 = Quintessence.QService.sln
		SccProjectTopLevelParentUniqueName18 = Quintessence.QService.sln
		SccProjectTopLevelParentUniqueName2 = Quintessence.QService.sln
		SccProjectTopLevelParentUniqueName3 = Quintessence.QService.sln
		SccProjectTopLevelParentUniqueName4 = Quintessence.QService.sln
		SccProjectTopLevelParentUniqueName5 = Quintessence.QService.sln
		SccProjectTopLevelParentUniqueName6 = Quintessence.QService.sln
		SccProjectTopLevelParentUniqueName7 = Quintessence.QService.sln
		SccProjectTopLevelParentUniqueName8 = Quintessence.QService.sln
		SccProjectTopLevelParentUniqueName9 = Quintessence.QService.sln
		SccProjectUniqueName1 = Source\\Quintessence.QService.Core\\Quintessence.QService.Core.csproj
		SccProjectUniqueName10 = Source\\Quintessence.QService.QPlanetService.Implementation\\Quintessence.QService.QPlanetService.Implementation.csproj
		SccProjectUniqueName11 = Source\\Quintessence.QService.QPlanetService.Host\\Quintessence.QService.QPlanetService.Host.csproj
		SccProjectUniqueName12 = Tests\\Quintessence.QService.Business.Integration.Tests\\Quintessence.QService.Business.Integration.Tests.csproj
		SccProjectUniqueName13 = Source\\Quintessence.QService.QueryModel\\Quintessence.QService.QueryModel.csproj
		SccProjectUniqueName14 = Source\\Quintessence.QService.Service.Contracts\\Quintessence.QService.Service.Contracts.csproj
		SccProjectUniqueName15 = Tests\\Quintessence.QService.Sharepoint.Integration.Tests\\Quintessence.QService.Sharepoint.Integration.Tests.csproj
		SccProjectUniqueName16 = Source\\Quintessence.QService.SharePointData\\Quintessence.QService.SharePointData.csproj
		SccProjectUniqueName17 = Tests\\Quintessence.QService.SharePointData.Integration.Tests\\Quintessence.QService.SharePointData.Integration.Tests.csproj
		SccProjectUniqueName18 = Tests\\Quintessence.QService.QPlanetService.Host.Tests\\Quintessence.QService.QPlanetService.Host.Tests.csproj
		SccProjectUniqueName2 = Source\\Quintessence.QService.Data\\Quintessence.QService.Data.csproj
		SccProjectUniqueName3 = Source\\Quintessence.QService.Data.Interfaces\\Quintessence.QService.Data.Interfaces.csproj
		SccProjectUniqueName4 = Tests\\Quintessence.QService.Data.IntegrationTests\\Quintessence.QService.Data.IntegrationTests.csproj
		SccProjectUniqueName5 = Source\\Quintessence.Database\\Quintessence.Database.sqlproj
		SccProjectUniqueName6 = Source\\Quintessence.QService.DataModel\\Quintessence.QService.DataModel.csproj
		SccProjectUniqueName7 = Source\\Quintessence.QService.Business.Interfaces\\Quintessence.QService.Business.Interfaces.csproj
		SccProjectUniqueName8 = Source\\Quintessence.QService.Business\\Quintessence.QService.Business.csproj
		SccProjectUniqueName9 = Source\\Quintessence.QService.QPlanetService.Contracts\\Quintessence.QService.QPlanetService.Contracts.csproj
		SccTeamFoundationServer = http://vm-quinttfs:8080/tfs/applications
	EndGlobalSection
	GlobalSection(SolutionConfigurationPlatforms) = preSolution
		Debug|Any CPU = Debug|Any CPU
		Pro|Any CPU = Pro|Any CPU
		Release|Any CPU = Release|Any CPU
	EndGlobalSection
	GlobalSection(ProjectConfigurationPlatforms) = postSolution
		{045CC37D-CD2B-4D5D-8D46-009845712787}.Debug|Any CPU.ActiveCfg = Debug|Any CPU
		{045CC37D-CD2B-4D5D-8D46-009845712787}.Debug|Any CPU.Build.0 = Debug|Any CPU
		{045CC37D-CD2B-4D5D-8D46-009845712787}.Pro|Any CPU.ActiveCfg = Pro|Any CPU
		{045CC37D-CD2B-4D5D-8D46-009845712787}.Pro|Any CPU.Build.0 = Pro|Any CPU
		{045CC37D-CD2B-4D5D-8D46-009845712787}.Release|Any CPU.ActiveCfg = Release|Any CPU
		{045CC37D-CD2B-4D5D-8D46-009845712787}.Release|Any CPU.Build.0 = Release|Any CPU
		{04680AEA-FAD8-4ADA-9D91-386DE6152B63}.Debug|Any CPU.ActiveCfg = Debug|Any CPU
		{04680AEA-FAD8-4ADA-9D91-386DE6152B63}.Debug|Any CPU.Build.0 = Debug|Any CPU
		{04680AEA-FAD8-4ADA-9D91-386DE6152B63}.Pro|Any CPU.ActiveCfg = Pro|Any CPU
		{04680AEA-FAD8-4ADA-9D91-386DE6152B63}.Pro|Any CPU.Build.0 = Pro|Any CPU
		{04680AEA-FAD8-4ADA-9D91-386DE6152B63}.Release|Any CPU.ActiveCfg = Release|Any CPU
		{04680AEA-FAD8-4ADA-9D91-386DE6152B63}.Release|Any CPU.Build.0 = Release|Any CPU
		{05E4D950-A754-41BB-8567-3B8AF09D4808}.Debug|Any CPU.ActiveCfg = Debug|Any CPU
		{05E4D950-A754-41BB-8567-3B8AF09D4808}.Debug|Any CPU.Build.0 = Debug|Any CPU
		{05E4D950-A754-41BB-8567-3B8AF09D4808}.Pro|Any CPU.ActiveCfg = Pro|Any CPU
		{05E4D950-A754-41BB-8567-3B8AF09D4808}.Pro|Any CPU.Build.0 = Pro|Any CPU
		{05E4D950-A754-41BB-8567-3B8AF09D4808}.Release|Any CPU.ActiveCfg = Release|Any CPU
		{05E4D950-A754-41BB-8567-3B8AF09D4808}.Release|Any CPU.Build.0 = Release|Any CPU
		{22E9834E-DB39-410E-AE73-44B2405ACFCD}.Debug|Any CPU.ActiveCfg = Debug|Any CPU
		{22E9834E-DB39-410E-AE73-44B2405ACFCD}.Debug|Any CPU.Build.0 = Debug|Any CPU
		{22E9834E-DB39-410E-AE73-44B2405ACFCD}.Pro|Any CPU.ActiveCfg = Pro|Any CPU
		{22E9834E-DB39-410E-AE73-44B2405ACFCD}.Pro|Any CPU.Build.0 = Pro|Any CPU
		{22E9834E-DB39-410E-AE73-44B2405ACFCD}.Release|Any CPU.ActiveCfg = Release|Any CPU
		{22E9834E-DB39-410E-AE73-44B2405ACFCD}.Release|Any CPU.Build.0 = Release|Any CPU
		{368C5CE3-5442-4CF2-AE43-A67B526811FD}.Debug|Any CPU.ActiveCfg = Debug|Any CPU
		{368C5CE3-5442-4CF2-AE43-A67B526811FD}.Debug|Any CPU.Build.0 = Debug|Any CPU
		{368C5CE3-5442-4CF2-AE43-A67B526811FD}.Pro|Any CPU.ActiveCfg = Pro|Any CPU
		{368C5CE3-5442-4CF2-AE43-A67B526811FD}.Pro|Any CPU.Build.0 = Pro|Any CPU
		{368C5CE3-5442-4CF2-AE43-A67B526811FD}.Release|Any CPU.ActiveCfg = Release|Any CPU
		{368C5CE3-5442-4CF2-AE43-A67B526811FD}.Release|Any CPU.Build.0 = Release|Any CPU
		{3BFDC3F3-2491-4013-8F82-7CC23C0224CB}.Debug|Any CPU.ActiveCfg = Debug|Any CPU
		{3BFDC3F3-2491-4013-8F82-7CC23C0224CB}.Pro|Any CPU.ActiveCfg = Pro|Any CPU
		{3BFDC3F3-2491-4013-8F82-7CC23C0224CB}.Pro|Any CPU.Build.0 = Pro|Any CPU
		{3BFDC3F3-2491-4013-8F82-7CC23C0224CB}.Pro|Any CPU.Deploy.0 = Pro|Any CPU
		{3BFDC3F3-2491-4013-8F82-7CC23C0224CB}.Release|Any CPU.ActiveCfg = Release|Any CPU
		{3BFDC3F3-2491-4013-8F82-7CC23C0224CB}.Release|Any CPU.Build.0 = Release|Any CPU
		{3BFDC3F3-2491-4013-8F82-7CC23C0224CB}.Release|Any CPU.Deploy.0 = Release|Any CPU
		{4E1D20C6-E79E-475C-BE8F-B220C4277328}.Debug|Any CPU.ActiveCfg = Debug|Any CPU
		{4E1D20C6-E79E-475C-BE8F-B220C4277328}.Debug|Any CPU.Build.0 = Debug|Any CPU
		{4E1D20C6-E79E-475C-BE8F-B220C4277328}.Pro|Any CPU.ActiveCfg = Pro|Any CPU
		{4E1D20C6-E79E-475C-BE8F-B220C4277328}.Pro|Any CPU.Build.0 = Pro|Any CPU
		{4E1D20C6-E79E-475C-BE8F-B220C4277328}.Release|Any CPU.ActiveCfg = Release|Any CPU
		{4E1D20C6-E79E-475C-BE8F-B220C4277328}.Release|Any CPU.Build.0 = Release|Any CPU
		{56A829FA-2175-4C60-9912-09CAB8FDE30B}.Debug|Any CPU.ActiveCfg = Debug|Any CPU
		{56A829FA-2175-4C60-9912-09CAB8FDE30B}.Debug|Any CPU.Build.0 = Debug|Any CPU
		{56A829FA-2175-4C60-9912-09CAB8FDE30B}.Pro|Any CPU.ActiveCfg = Pro|Any CPU
		{56A829FA-2175-4C60-9912-09CAB8FDE30B}.Pro|Any CPU.Build.0 = Pro|Any CPU
		{56A829FA-2175-4C60-9912-09CAB8FDE30B}.Release|Any CPU.ActiveCfg = Release|Any CPU
		{56A829FA-2175-4C60-9912-09CAB8FDE30B}.Release|Any CPU.Build.0 = Release|Any CPU
		{631B87C1-D1A8-47B1-A795-9FFCCD338BD1}.Debug|Any CPU.ActiveCfg = Debug|Any CPU
		{631B87C1-D1A8-47B1-A795-9FFCCD338BD1}.Debug|Any CPU.Build.0 = Debug|Any CPU
		{631B87C1-D1A8-47B1-A795-9FFCCD338BD1}.Pro|Any CPU.ActiveCfg = Pro|Any CPU
		{631B87C1-D1A8-47B1-A795-9FFCCD338BD1}.Pro|Any CPU.Build.0 = Pro|Any CPU
		{631B87C1-D1A8-47B1-A795-9FFCCD338BD1}.Release|Any CPU.ActiveCfg = Release|Any CPU
		{631B87C1-D1A8-47B1-A795-9FFCCD338BD1}.Release|Any CPU.Build.0 = Release|Any CPU
		{838C97F8-6044-447D-AF68-15123F1DFCBE}.Debug|Any CPU.ActiveCfg = Debug|Any CPU
		{838C97F8-6044-447D-AF68-15123F1DFCBE}.Debug|Any CPU.Build.0 = Debug|Any CPU
		{838C97F8-6044-447D-AF68-15123F1DFCBE}.Pro|Any CPU.ActiveCfg = Pro|Any CPU
		{838C97F8-6044-447D-AF68-15123F1DFCBE}.Pro|Any CPU.Build.0 = Pro|Any CPU
		{838C97F8-6044-447D-AF68-15123F1DFCBE}.Release|Any CPU.ActiveCfg = Release|Any CPU
		{838C97F8-6044-447D-AF68-15123F1DFCBE}.Release|Any CPU.Build.0 = Release|Any CPU
		{9F748CE1-61ED-4AB2-ADA2-39C5CFEB9553}.Debug|Any CPU.ActiveCfg = Debug|Any CPU
		{9F748CE1-61ED-4AB2-ADA2-39C5CFEB9553}.Debug|Any CPU.Build.0 = Debug|Any CPU
		{9F748CE1-61ED-4AB2-ADA2-39C5CFEB9553}.Pro|Any CPU.ActiveCfg = Pro|Any CPU
		{9F748CE1-61ED-4AB2-ADA2-39C5CFEB9553}.Pro|Any CPU.Build.0 = Pro|Any CPU
		{9F748CE1-61ED-4AB2-ADA2-39C5CFEB9553}.Release|Any CPU.ActiveCfg = Release|Any CPU
		{9F748CE1-61ED-4AB2-ADA2-39C5CFEB9553}.Release|Any CPU.Build.0 = Release|Any CPU
		{9FC1F945-B96B-4276-AE32-8BCC07F5D375}.Debug|Any CPU.ActiveCfg = Debug|Any CPU
		{9FC1F945-B96B-4276-AE32-8BCC07F5D375}.Debug|Any CPU.Build.0 = Debug|Any CPU
		{9FC1F945-B96B-4276-AE32-8BCC07F5D375}.Pro|Any CPU.ActiveCfg = Pro|Any CPU
		{9FC1F945-B96B-4276-AE32-8BCC07F5D375}.Pro|Any CPU.Build.0 = Pro|Any CPU
		{9FC1F945-B96B-4276-AE32-8BCC07F5D375}.Release|Any CPU.ActiveCfg = Release|Any CPU
		{9FC1F945-B96B-4276-AE32-8BCC07F5D375}.Release|Any CPU.Build.0 = Release|Any CPU
		{A114C3D5-F63A-45B9-AFFC-175E15FBC219}.Debug|Any CPU.ActiveCfg = Debug|Any CPU
		{A114C3D5-F63A-45B9-AFFC-175E15FBC219}.Debug|Any CPU.Build.0 = Debug|Any CPU
		{A114C3D5-F63A-45B9-AFFC-175E15FBC219}.Pro|Any CPU.ActiveCfg = Pro|Any CPU
		{A114C3D5-F63A-45B9-AFFC-175E15FBC219}.Pro|Any CPU.Build.0 = Pro|Any CPU
		{A114C3D5-F63A-45B9-AFFC-175E15FBC219}.Release|Any CPU.ActiveCfg = Release|Any CPU
		{A114C3D5-F63A-45B9-AFFC-175E15FBC219}.Release|Any CPU.Build.0 = Release|Any CPU
		{AE01022D-76BC-481D-BF90-3FFC047734F5}.Debug|Any CPU.ActiveCfg = Debug|Any CPU
		{AE01022D-76BC-481D-BF90-3FFC047734F5}.Debug|Any CPU.Build.0 = Debug|Any CPU
		{AE01022D-76BC-481D-BF90-3FFC047734F5}.Pro|Any CPU.ActiveCfg = Pro|Any CPU
		{AE01022D-76BC-481D-BF90-3FFC047734F5}.Pro|Any CPU.Build.0 = Pro|Any CPU
		{AE01022D-76BC-481D-BF90-3FFC047734F5}.Release|Any CPU.ActiveCfg = Release|Any CPU
		{AE01022D-76BC-481D-BF90-3FFC047734F5}.Release|Any CPU.Build.0 = Release|Any CPU
		{C861E521-51A1-4909-9563-A9703FE31917}.Debug|Any CPU.ActiveCfg = Debug|Any CPU
		{C861E521-51A1-4909-9563-A9703FE31917}.Debug|Any CPU.Build.0 = Debug|Any CPU
		{C861E521-51A1-4909-9563-A9703FE31917}.Pro|Any CPU.ActiveCfg = Pro|Any CPU
		{C861E521-51A1-4909-9563-A9703FE31917}.Pro|Any CPU.Build.0 = Pro|Any CPU
		{C861E521-51A1-4909-9563-A9703FE31917}.Release|Any CPU.ActiveCfg = Release|Any CPU
		{C861E521-51A1-4909-9563-A9703FE31917}.Release|Any CPU.Build.0 = Release|Any CPU
		{C86E0F9E-D463-4BFF-93CD-EA996D029336}.Debug|Any CPU.ActiveCfg = Debug|Any CPU
		{C86E0F9E-D463-4BFF-93CD-EA996D029336}.Debug|Any CPU.Build.0 = Debug|Any CPU
		{C86E0F9E-D463-4BFF-93CD-EA996D029336}.Pro|Any CPU.ActiveCfg = Pro|Any CPU
		{C86E0F9E-D463-4BFF-93CD-EA996D029336}.Pro|Any CPU.Build.0 = Pro|Any CPU
		{C86E0F9E-D463-4BFF-93CD-EA996D029336}.Release|Any CPU.ActiveCfg = Release|Any CPU
		{C86E0F9E-D463-4BFF-93CD-EA996D029336}.Release|Any CPU.Build.0 = Release|Any CPU
		{D1C30158-4472-41D1-A1C9-D6C7F63F4E95}.Debug|Any CPU.ActiveCfg = Debug|Any CPU
		{D1C30158-4472-41D1-A1C9-D6C7F63F4E95}.Debug|Any CPU.Build.0 = Debug|Any CPU
		{D1C30158-4472-41D1-A1C9-D6C7F63F4E95}.Pro|Any CPU.ActiveCfg = Pro|Any CPU
		{D1C30158-4472-41D1-A1C9-D6C7F63F4E95}.Pro|Any CPU.Build.0 = Pro|Any CPU
		{D1C30158-4472-41D1-A1C9-D6C7F63F4E95}.Release|Any CPU.ActiveCfg = Release|Any CPU
		{D1C30158-4472-41D1-A1C9-D6C7F63F4E95}.Release|Any CPU.Build.0 = Release|Any CPU
		{E16355F5-94C4-4A73-8982-C852018936D3}.Debug|Any CPU.ActiveCfg = Debug|Any CPU
		{E16355F5-94C4-4A73-8982-C852018936D3}.Debug|Any CPU.Build.0 = Debug|Any CPU
		{E16355F5-94C4-4A73-8982-C852018936D3}.Pro|Any CPU.ActiveCfg = Pro|Any CPU
		{E16355F5-94C4-4A73-8982-C852018936D3}.Pro|Any CPU.Build.0 = Pro|Any CPU
		{E16355F5-94C4-4A73-8982-C852018936D3}.Release|Any CPU.ActiveCfg = Release|Any CPU
		{E16355F5-94C4-4A73-8982-C852018936D3}.Release|Any CPU.Build.0 = Release|Any CPU
	EndGlobalSection
	GlobalSection(SolutionProperties) = preSolution
		HideSolutionNode = FALSE
	EndGlobalSection
	GlobalSection(NestedProjects) = preSolution
		{045CC37D-CD2B-4D5D-8D46-009845712787} = {CCCEE91A-A344-4D27-8411-A7167AC73B92}
		{04680AEA-FAD8-4ADA-9D91-386DE6152B63} = {E7CAA9C5-97E1-40BB-BAEB-24EC4FC553EC}
		{05E4D950-A754-41BB-8567-3B8AF09D4808} = {A82B57A2-66CD-4E24-A0AE-1A29E7EC8353}
		{22E9834E-DB39-410E-AE73-44B2405ACFCD} = {2B924CAB-944E-4280-A3DA-9782EBC1306C}
		{368C5CE3-5442-4CF2-AE43-A67B526811FD} = {826D64DF-0DDA-468D-ABBA-6458B676E8A5}
		{3BFDC3F3-2491-4013-8F82-7CC23C0224CB} = {CCCEE91A-A344-4D27-8411-A7167AC73B92}
		{4E1D20C6-E79E-475C-BE8F-B220C4277328} = {E7CAA9C5-97E1-40BB-BAEB-24EC4FC553EC}
		{56A829FA-2175-4C60-9912-09CAB8FDE30B} = {CCCEE91A-A344-4D27-8411-A7167AC73B92}
		{631B87C1-D1A8-47B1-A795-9FFCCD338BD1} = {A82B57A2-66CD-4E24-A0AE-1A29E7EC8353}
		{838C97F8-6044-447D-AF68-15123F1DFCBE} = {E7CAA9C5-97E1-40BB-BAEB-24EC4FC553EC}
		{9F748CE1-61ED-4AB2-ADA2-39C5CFEB9553} = {826D64DF-0DDA-468D-ABBA-6458B676E8A5}
		{9FC1F945-B96B-4276-AE32-8BCC07F5D375} = {CCCEE91A-A344-4D27-8411-A7167AC73B92}
		{A114C3D5-F63A-45B9-AFFC-175E15FBC219} = {A82B57A2-66CD-4E24-A0AE-1A29E7EC8353}
		{AE01022D-76BC-481D-BF90-3FFC047734F5} = {A82B57A2-66CD-4E24-A0AE-1A29E7EC8353}
		{C861E521-51A1-4909-9563-A9703FE31917} = {CCCEE91A-A344-4D27-8411-A7167AC73B92}
		{C86E0F9E-D463-4BFF-93CD-EA996D029336} = {A82B57A2-66CD-4E24-A0AE-1A29E7EC8353}
		{D1C30158-4472-41D1-A1C9-D6C7F63F4E95} = {CCCEE91A-A344-4D27-8411-A7167AC73B92}
		{E16355F5-94C4-4A73-8982-C852018936D3} = {E7CAA9C5-97E1-40BB-BAEB-24EC4FC553EC}
	EndGlobalSection
	GlobalSection(ExtensibilityGlobals) = postSolution
		EnterpriseLibraryConfigurationToolBinariesPath = packages\Unity.2.1.505.0\lib\NET35;packages\Unity.Interception.2.1.505.0\lib\NET35;packages\EnterpriseLibrary.Common.5.0.505.0\lib\NET35;packages\EnterpriseLibrary.Logging.5.0.505.1\lib\NET35
	EndGlobalSection
EndGlobal
